
Microsoft Visual Studio Solution File, Format Version 12.00
# Visual Studio Version 17
VisualStudioVersion = 17.6.33815.320
MinimumVisualStudioVersion = 10.0.40219.1
Project("{FAE04EC0-301F-11D3-BF4B-00C04F79EFBC}") = "Student management system", "Student management system.csproj", "{A5E94552-4FA4-4971-AF30-DE3F8A82473F}"
EndProject
Global
	GlobalSection(SolutionConfigurationPlatforms) = preSolution
		Debug|Any CPU = Debug|Any CPU
		Release|Any CPU = Release|Any CPU
	EndGlobalSection
	GlobalSection(ProjectConfigurationPlatforms) = postSolution
		{A5E94552-4FA4-4971-AF30-DE3F8A82473F}.Debug|Any CPU.ActiveCfg = Debug|Any CPU
		{A5E94552-4FA4-4971-AF30-DE3F8A82473F}.Debug|Any CPU.Build.0 = Debug|Any CPU
		{A5E94552-4FA4-4971-AF30-DE3F8A82473F}.Release|Any CPU.ActiveCfg = Release|Any CPU
		{A5E94552-4FA4-4971-AF30-DE3F8A82473F}.Release|Any CPU.Build.0 = Release|Any CPU
	EndGlobalSection
	GlobalSection(SolutionProperties) = preSolution
		HideSolutionNode = FALSE
	EndGlobalSection
	GlobalSection(ExtensibilityGlobals) = postSolution
		SolutionGuid = {383D2141-0CC6-439D-BBC3-B9C2ADD6D935}
	EndGlobalSection
EndGlobal
